{
  "name": "ngx-json-schema-viewer",
  "version": "6.0.0",
  "lockfileVersion": 3,
  "requires": true,
  "packages": {
    "": {
      "name": "ngx-json-schema-viewer",
      "version": "6.0.0",
      "license": "AGPL-3.0-or-later",
      "dependencies": {
        "tslib": "^2.6.2"
      },
      "devDependencies": {
        "json-schema-typed": "8.0.1"
      },
      "peerDependencies": {
        "@angular/common": ">=19.0.0 < 22.0.0",
        "@angular/core": ">=19.0.0 < 22.0.0",
        "@angular/material": ">=19.0.0 < 22.0.0",
        "@stoplight/json-ref-resolver": "^3.1.6",
        "ngx-highlightjs": "^14.0.1"
      }
    },
    "node_modules/@angular/cdk": {
      "version": "21.2.6",
      "resolved": "https://registry.npmjs.org/@angular/cdk/-/cdk-21.2.6.tgz",
      "integrity": "sha512-1PBzFf+um/VZ1dFF6cT72Zsq+9C/ZWF9m5dP0uHJgo4psX3yMBoZlZu5YomBiAQ/ePSkqCuryv1vrelK+yd3Mw==",
      "license": "MIT",
      "peer": true,
      "dependencies": {
        "parse5": "^8.0.0",
        "tslib": "^2.3.0"
      },
      "peerDependencies": {
        "@angular/common": "^21.0.0 || ^22.0.0",
        "@angular/core": "^21.0.0 || ^22.0.0",
        "@angular/platform-browser": "^21.0.0 || ^22.0.0",
        "rxjs": "^6.5.3 || ^7.4.0"
      }
    },
    "node_modules/@angular/common": {
      "version": "21.2.9",
      "resolved": "https://registry.npmjs.org/@angular/common/-/common-21.2.9.tgz",
      "integrity": "sha512-7spQcF3hPN/fjTx6Pwa32KRRdO0NcixnRuPV4lo50ejtXesjiLVR+fkaX38sawAyGoq89IuuYvUDrbLwCMypmQ==",
      "license": "MIT",
      "peer": true,
      "dependencies": {
        "tslib": "^2.3.0"
      },
      "engines": {
        "node": "^20.19.0 || ^22.12.0 || >=24.0.0"
      },
      "peerDependencies": {
        "@angular/core": "21.2.9",
        "rxjs": "^6.5.3 || ^7.4.0"
      }
    },
    "node_modules/@angular/core": {
      "version": "21.2.9",
      "resolved": "https://registry.npmjs.org/@angular/core/-/core-21.2.9.tgz",
      "integrity": "sha512-uZLq2aedJ+0uEZxyf6a1Nc7y1aZ7akAW7K1Kon8JUDZOvI2IDbk0i00MzkELt8q9uSmSSqg9zNKuhjspFf0Pyw==",
      "license": "MIT",
      "peer": true,
      "dependencies": {
        "tslib": "^2.3.0"
      },
      "engines": {
        "node": "^20.19.0 || ^22.12.0 || >=24.0.0"
      },
      "peerDependencies": {
        "@angular/compiler": "21.2.9",
        "rxjs": "^6.5.3 || ^7.4.0",
        "zone.js": "~0.15.0 || ~0.16.0"
      },
      "peerDependenciesMeta": {
        "@angular/compiler": {
          "optional": true
        },
        "zone.js": {
          "optional": true
        }
      }
    },
    "node_modules/@angular/forms": {
      "version": "21.2.9",
      "resolved": "https://registry.npmjs.org/@angular/forms/-/forms-21.2.9.tgz",
      "integrity": "sha512-qXLnzmsJoHMgV/gDU7AZgsKBhUH7k6im6V9YuY5UpHHl+nGKCWxtePAZRB0OH2AsqzLwER3Fv2S6+mtmb7651w==",
      "license": "MIT",
      "peer": true,
      "dependencies": {
        "@standard-schema/spec": "^1.0.0",
        "tslib": "^2.3.0"
      },
      "engines": {
        "node": "^20.19.0 || ^22.12.0 || >=24.0.0"
      },
      "peerDependencies": {
        "@angular/common": "21.2.9",
        "@angular/core": "21.2.9",
        "@angular/platform-browser": "21.2.9",
        "rxjs": "^6.5.3 || ^7.4.0"
      }
    },
    "node_modules/@angular/material": {
      "version": "21.2.6",
      "resolved": "https://registry.npmjs.org/@angular/material/-/material-21.2.6.tgz",
      "integrity": "sha512-V4hblb5ekgXb5x+UXKRs2yiB0hZUkUJbYwGseMglkCeWQlLM4u6amlsUzP4uOwIWFOkM/ZYl9qz4YGZnvMAyjw==",
      "license": "MIT",
      "peer": true,
      "dependencies": {
        "tslib": "^2.3.0"
      },
      "peerDependencies": {
        "@angular/cdk": "21.2.6",
        "@angular/common": "^21.0.0 || ^22.0.0",
        "@angular/core": "^21.0.0 || ^22.0.0",
        "@angular/forms": "^21.0.0 || ^22.0.0",
        "@angular/platform-browser": "^21.0.0 || ^22.0.0",
        "rxjs": "^6.5.3 || ^7.4.0"
      }
    },
    "node_modules/@angular/platform-browser": {
      "version": "21.2.9",
      "resolved": "https://registry.npmjs.org/@angular/platform-browser/-/platform-browser-21.2.9.tgz",
      "integrity": "sha512-MjEtFvoFtsjsAeu2yzauqGgwwEHV4ml25c9vGFmw4OmSoNme4yp41f2DegwOkn1TTHL3OF3GE65ng2U2feJU4Q==",
      "license": "MIT",
      "peer": true,
      "dependencies": {
        "tslib": "^2.3.0"
      },
      "engines": {
        "node": "^20.19.0 || ^22.12.0 || >=24.0.0"
      },
      "peerDependencies": {
        "@angular/animations": "21.2.9",
        "@angular/common": "21.2.9",
        "@angular/core": "21.2.9"
      },
      "peerDependenciesMeta": {
        "@angular/animations": {
          "optional": true
        }
      }
    },
    "node_modules/@standard-schema/spec": {
      "version": "1.1.0",
      "resolved": "https://registry.npmjs.org/@standard-schema/spec/-/spec-1.1.0.tgz",
      "integrity": "sha512-l2aFy5jALhniG5HgqrD6jXLi/rUWrKvqN/qJx6yoJsgKhblVd+iqqU4RCXavm/jPityDo5TCvKMnpjKnOriy0w==",
      "license": "MIT",
      "peer": true
    },
    "node_modules/@stoplight/json": {
      "version": "3.21.7",
      "resolved": "https://registry.npmjs.org/@stoplight/json/-/json-3.21.7.tgz",
      "integrity": "sha512-xcJXgKFqv/uCEgtGlPxy3tPA+4I+ZI4vAuMJ885+ThkTHFVkC+0Fm58lA9NlsyjnkpxFh4YiQWpH+KefHdbA0A==",
      "license": "Apache-2.0",
      "peer": true,
      "dependencies": {
        "@stoplight/ordered-object-literal": "^1.0.3",
        "@stoplight/path": "^1.3.2",
        "@stoplight/types": "^13.6.0",
        "jsonc-parser": "~2.2.1",
        "lodash": "^4.17.21",
        "safe-stable-stringify": "^1.1"
      },
      "engines": {
        "node": ">=8.3.0"
      }
    },
    "node_modules/@stoplight/json-ref-resolver": {
      "version": "3.1.6",
      "resolved": "https://registry.npmjs.org/@stoplight/json-ref-resolver/-/json-ref-resolver-3.1.6.tgz",
      "integrity": "sha512-YNcWv3R3n3U6iQYBsFOiWSuRGE5su1tJSiX6pAPRVk7dP0L7lqCteXGzuVRQ0gMZqUl8v1P0+fAKxF6PLo9B5A==",
      "license": "Apache-2.0",
      "peer": true,
      "dependencies": {
        "@stoplight/json": "^3.21.0",
        "@stoplight/path": "^1.3.2",
        "@stoplight/types": "^12.3.0 || ^13.0.0",
        "@types/urijs": "^1.19.19",
        "dependency-graph": "~0.11.0",
        "fast-memoize": "^2.5.2",
        "immer": "^9.0.6",
        "lodash": "^4.17.21",
        "tslib": "^2.6.0",
        "urijs": "^1.19.11"
      },
      "engines": {
        "node": ">=8.3.0"
      }
    },
    "node_modules/@stoplight/ordered-object-literal": {
      "version": "1.0.5",
      "resolved": "https://registry.npmjs.org/@stoplight/ordered-object-literal/-/ordered-object-literal-1.0.5.tgz",
      "integrity": "sha512-COTiuCU5bgMUtbIFBuyyh2/yVVzlr5Om0v5utQDgBCuQUOPgU1DwoffkTfg4UBQOvByi5foF4w4T+H9CoRe5wg==",
      "license": "Apache-2.0",
      "peer": true,
      "engines": {
        "node": ">=8"
      }
    },
    "node_modules/@stoplight/path": {
      "version": "1.3.2",
      "resolved": "https://registry.npmjs.org/@stoplight/path/-/path-1.3.2.tgz",
      "integrity": "sha512-lyIc6JUlUA8Ve5ELywPC8I2Sdnh1zc1zmbYgVarhXIp9YeAB0ReeqmGEOWNtlHkbP2DAA1AL65Wfn2ncjK/jtQ==",
      "license": "Apache-2.0",
      "peer": true,
      "engines": {
        "node": ">=8"
      }
    },
    "node_modules/@stoplight/types": {
      "version": "13.20.0",
      "resolved": "https://registry.npmjs.org/@stoplight/types/-/types-13.20.0.tgz",
      "integrity": "sha512-2FNTv05If7ib79VPDA/r9eUet76jewXFH2y2K5vuge6SXbRHtWBhcaRmu+6QpF4/WRNoJj5XYRSwLGXDxysBGA==",
      "license": "Apache-2.0",
      "peer": true,
      "dependencies": {
        "@types/json-schema": "^7.0.4",
        "utility-types": "^3.10.0"
      },
      "engines": {
        "node": "^12.20 || >=14.13"
      }
    },
    "node_modules/@types/json-schema": {
      "version": "7.0.15",
      "resolved": "https://registry.npmjs.org/@types/json-schema/-/json-schema-7.0.15.tgz",
      "integrity": "sha512-5+fP8P8MFNC+AyZCDxrB2pkZFPGzqQWUzpSeuuVLvm8VMcorNYavBqoFcxK8bQz4Qsbn4oUEEem4wDLfcysGHA==",
      "license": "MIT",
      "peer": true
    },
    "node_modules/@types/urijs": {
      "version": "1.19.26",
      "resolved": "https://registry.npmjs.org/@types/urijs/-/urijs-1.19.26.tgz",
      "integrity": "sha512-wkXrVzX5yoqLnndOwFsieJA7oKM8cNkOKJtf/3vVGSUFkWDKZvFHpIl9Pvqb/T9UsawBBFMTTD8xu7sK5MWuvg==",
      "license": "MIT",
      "peer": true
    },
    "node_modules/dependency-graph": {
      "version": "0.11.0",
      "resolved": "https://registry.npmjs.org/dependency-graph/-/dependency-graph-0.11.0.tgz",
      "integrity": "sha512-JeMq7fEshyepOWDfcfHK06N3MhyPhz++vtqWhMT5O9A3K42rdsEDpfdVqjaqaAhsw6a+ZqeDvQVtD0hFHQWrzg==",
      "license": "MIT",
      "peer": true,
      "engines": {
        "node": ">= 0.6.0"
      }
    },
    "node_modules/entities": {
      "version": "6.0.1",
      "resolved": "https://registry.npmjs.org/entities/-/entities-6.0.1.tgz",
      "integrity": "sha512-aN97NXWF6AWBTahfVOIrB/NShkzi5H7F9r1s9mD3cDj4Ko5f2qhhVoYMibXF7GlLveb/D2ioWay8lxI97Ven3g==",
      "license": "BSD-2-Clause",
      "peer": true,
      "engines": {
        "node": ">=0.12"
      },
      "funding": {
        "url": "https://github.com/fb55/entities?sponsor=1"
      }
    },
    "node_modules/fast-memoize": {
      "version": "2.5.2",
      "resolved": "https://registry.npmjs.org/fast-memoize/-/fast-memoize-2.5.2.tgz",
      "integrity": "sha512-Ue0LwpDYErFbmNnZSF0UH6eImUwDmogUO1jyE+JbN2gsQz/jICm1Ve7t9QT0rNSsfJt+Hs4/S3GnsDVjL4HVrw==",
      "license": "MIT",
      "peer": true
    },
    "node_modules/highlight.js": {
      "version": "11.11.1",
      "resolved": "https://registry.npmjs.org/highlight.js/-/highlight.js-11.11.1.tgz",
      "integrity": "sha512-Xwwo44whKBVCYoliBQwaPvtd/2tYFkRQtXDWj1nackaV2JPXx3L0+Jvd8/qCJ2p+ML0/XVkJ2q+Mr+UVdpJK5w==",
      "license": "BSD-3-Clause",
      "peer": true,
      "engines": {
        "node": ">=12.0.0"
      }
    },
    "node_modules/immer": {
      "version": "9.0.21",
      "resolved": "https://registry.npmjs.org/immer/-/immer-9.0.21.tgz",
      "integrity": "sha512-bc4NBHqOqSfRW7POMkHd51LvClaeMXpm8dx0e8oE2GORbq5aRK7Bxl4FyzVLdGtLmvLKL7BTDBG5ACQm4HWjTA==",
      "license": "MIT",
      "peer": true,
      "funding": {
        "type": "opencollective",
        "url": "https://opencollective.com/immer"
      }
    },
    "node_modules/json-schema-typed": {
      "version": "8.0.1",
      "resolved": "https://registry.npmjs.org/json-schema-typed/-/json-schema-typed-8.0.1.tgz",
      "integrity": "sha512-XQmWYj2Sm4kn4WeTYvmpKEbyPsL7nBsb647c7pMe6l02/yx2+Jfc4dT6UZkEXnIUb5LhD55r2HPsJ1milQ4rDg==",
      "dev": true,
      "license": "BSD-2-Clause"
    },
    "node_modules/jsonc-parser": {
      "version": "2.2.1",
      "resolved": "https://registry.npmjs.org/jsonc-parser/-/jsonc-parser-2.2.1.tgz",
      "integrity": "sha512-o6/yDBYccGvTz1+QFevz6l6OBZ2+fMVu2JZ9CIhzsYRX4mjaK5IyX9eldUdCmga16zlgQxyrj5pt9kzuj2C02w==",
      "license": "MIT",
      "peer": true
    },
    "node_modules/lodash": {
      "version": "4.18.1",
      "resolved": "https://registry.npmjs.org/lodash/-/lodash-4.18.1.tgz",
      "integrity": "sha512-dMInicTPVE8d1e5otfwmmjlxkZoUpiVLwyeTdUsi/Caj/gfzzblBcCE5sRHV/AsjuCmxWrte2TNGSYuCeCq+0Q==",
      "license": "MIT",
      "peer": true
    },
    "node_modules/ngx-highlightjs": {
      "version": "14.0.1",
      "resolved": "https://registry.npmjs.org/ngx-highlightjs/-/ngx-highlightjs-14.0.1.tgz",
      "integrity": "sha512-pa4YPChIho+Qs6P036oMvTt8pmTlMwberz/kGBojKVMEHSj9t4PT1YzBplM+RMK0VWgLK4zRbJbxivQrLPr1fQ==",
      "license": "MIT",
      "peer": true,
      "dependencies": {
        "highlight.js": "^11.11.1",
        "tslib": "^2.3.0"
      },
      "peerDependencies": {
        "@angular/cdk": ">=19.0.0",
        "@angular/common": ">=19.0.0",
        "@angular/core": ">=19.0.0",
        "rxjs": ">=7.0.0"
      }
    },
    "node_modules/parse5": {
      "version": "8.0.0",
      "resolved": "https://registry.npmjs.org/parse5/-/parse5-8.0.0.tgz",
      "integrity": "sha512-9m4m5GSgXjL4AjumKzq1Fgfp3Z8rsvjRNbnkVwfu2ImRqE5D0LnY2QfDen18FSY9C573YU5XxSapdHZTZ2WolA==",
      "license": "MIT",
      "peer": true,
      "dependencies": {
        "entities": "^6.0.0"
      },
      "funding": {
        "url": "https://github.com/inikulin/parse5?sponsor=1"
      }
    },
    "node_modules/rxjs": {
      "version": "7.8.2",
      "resolved": "https://registry.npmjs.org/rxjs/-/rxjs-7.8.2.tgz",
      "integrity": "sha512-dhKf903U/PQZY6boNNtAGdWbG85WAbjT/1xYoZIC7FAY0yWapOBQVsVrDl58W86//e1VpMNBtRV4MaXfdMySFA==",
      "license": "Apache-2.0",
      "peer": true,
      "dependencies": {
        "tslib": "^2.1.0"
      }
    },
    "node_modules/safe-stable-stringify": {
      "version": "1.1.1",
      "resolved": "https://registry.npmjs.org/safe-stable-stringify/-/safe-stable-stringify-1.1.1.tgz",
      "integrity": "sha512-ERq4hUjKDbJfE4+XtZLFPCDi8Vb1JqaxAPTxWFLBx8XcAlf9Bda/ZJdVezs/NAfsMQScyIlUMx+Yeu7P7rx5jw==",
      "license": "MIT",
      "peer": true
    },
    "node_modules/tslib": {
      "version": "2.8.1",
      "resolved": "https://registry.npmjs.org/tslib/-/tslib-2.8.1.tgz",
      "integrity": "sha512-oJFu94HQb+KVduSUQL7wnpmqnfmLsOA/nAh6b6EH0wCEoK0/mPeXU6c3wKDV83MkOuHPRHtSXKKU99IBazS/2w==",
      "license": "0BSD"
    },
    "node_modules/urijs": {
      "version": "1.19.11",
      "resolved": "https://registry.npmjs.org/urijs/-/urijs-1.19.11.tgz",
      "integrity": "sha512-HXgFDgDommxn5/bIv0cnQZsPhHDA90NPHD6+c/v21U5+Sx5hoP8+dP9IZXBU1gIfvdRfhG8cel9QNPeionfcCQ==",
      "license": "MIT",
      "peer": true
    },
    "node_modules/utility-types": {
      "version": "3.11.0",
      "resolved": "https://registry.npmjs.org/utility-types/-/utility-types-3.11.0.tgz",
      "integrity": "sha512-6Z7Ma2aVEWisaL6TvBCy7P8rm2LQoPv6dJ7ecIaIixHcwfbJ0x7mWdbcwlIM5IGQxPZSFYeqRCqlOOeKoJYMkw==",
      "license": "MIT",
      "peer": true,
      "engines": {
        "node": ">= 4"
      }
    }
  }
}
